
Microsoft Visual Studio Solution File, Format Version 12.00
# Visual Studio Version 17
VisualStudioVersion = 17.13.35818.85 d17.13
MinimumVisualStudioVersion = 10.0.40219.1
Project("{FAE04EC0-301F-11D3-BF4B-00C04F79EFBC}") = "shopping_cart", "shopping_cart.csproj", "{E816CE56-0578-4F87-8488-58C99373DF3D}"
EndProject
Global
	GlobalSection(SolutionConfigurationPlatforms) = preSolution
		Debug|Any CPU = Debug|Any CPU
		Release|Any CPU = Release|Any CPU
	EndGlobalSection
	GlobalSection(ProjectConfigurationPlatforms) = postSolution
		{E816CE56-0578-4F87-8488-58C99373DF3D}.Debug|Any CPU.ActiveCfg = Debug|Any CPU
		{E816CE56-0578-4F87-8488-58C99373DF3D}.Debug|Any CPU.Build.0 = Debug|Any CPU
		{E816CE56-0578-4F87-8488-58C99373DF3D}.Release|Any CPU.ActiveCfg = Release|Any CPU
		{E816CE56-0578-4F87-8488-58C99373DF3D}.Release|Any CPU.Build.0 = Release|Any CPU
	EndGlobalSection
	GlobalSection(SolutionProperties) = preSolution
		HideSolutionNode = FALSE
	EndGlobalSection
	GlobalSection(ExtensibilityGlobals) = postSolution
		SolutionGuid = {7B99152E-36FB-4B13-A6DE-84F253EB9935}
	EndGlobalSection
EndGlobal
